// !$*UTF8*$!
{
	archiveVersion = 1;
	classes = {
	};
	objectVersion = 55;
	objects = {

/* Begin PBXBuildFile section */
		01FEB5D4E9133EDF2DD5E81C /* Pods_Checkio_SwiftUI_Checkio_SwiftUIUITests.framework in Frameworks */ = {isa = PBXBuildFile; fileRef = 1C7BED10BAD38FCA8BC026A0 /* Pods_Checkio_SwiftUI_Checkio_SwiftUIUITests.framework */; };
		17577404B7E35C1CFABCA2E8 /* Pods_Checkio_SwiftUI.framework in Frameworks */ = {isa = PBXBuildFile; fileRef = B4F79D694684752F9908AFA8 /* Pods_Checkio_SwiftUI.framework */; };
		9A1617E929C1AF6F00B29550 /* AppDelegate.swift in Sources */ = {isa = PBXBuildFile; fileRef = 9A1617E829C1AF6F00B29550 /* AppDelegate.swift */; };
		9A1617EB29C1AF7000B29550 /* SceneDelegate.swift in Sources */ = {isa = PBXBuildFile; fileRef = 9A1617EA29C1AF7000B29550 /* SceneDelegate.swift */; };
		9A1617ED29C1AF7000B29550 /* ViewController.swift in Sources */ = {isa = PBXBuildFile; fileRef = 9A1617EC29C1AF7000B29550 /* ViewController.swift */; };
		9A1617F029C1AF7000B29550 /* Main.storyboard in Resources */ = {isa = PBXBuildFile; fileRef = 9A1617EE29C1AF7000B29550 /* Main.storyboard */; };
		9A1617F229C1AF7100B29550 /* Assets.xcassets in Resources */ = {isa = PBXBuildFile; fileRef = 9A1617F129C1AF7100B29550 /* Assets.xcassets */; };
		9A1617F529C1AF7100B29550 /* LaunchScreen.storyboard in Resources */ = {isa = PBXBuildFile; fileRef = 9A1617F329C1AF7100B29550 /* LaunchScreen.storyboard */; };
		9A16180029C1AF7200B29550 /* Checkio_SwiftUITests.swift in Sources */ = {isa = PBXBuildFile; fileRef = 9A1617FF29C1AF7200B29550 /* Checkio_SwiftUITests.swift */; };
		9A16180A29C1AF7200B29550 /* Checkio_SwiftUIUITests.swift in Sources */ = {isa = PBXBuildFile; fileRef = 9A16180929C1AF7200B29550 /* Checkio_SwiftUIUITests.swift */; };
		9A16180C29C1AF7200B29550 /* Checkio_SwiftUIUITestsLaunchTests.swift in Sources */ = {isa = PBXBuildFile; fileRef = 9A16180B29C1AF7200B29550 /* Checkio_SwiftUIUITestsLaunchTests.swift */; };
		9A16181B29C1B02E00B29550 /* HomeView.swift in Sources */ = {isa = PBXBuildFile; fileRef = 9A16181A29C1B02E00B29550 /* HomeView.swift */; };
		9A16182529C1B20600B29550 /* CKBaseNavcViewController.swift in Sources */ = {isa = PBXBuildFile; fileRef = 9A16181E29C1B20600B29550 /* CKBaseNavcViewController.swift */; };
		9A16182629C1B20600B29550 /* CKBaseTabBarViewController.swift in Sources */ = {isa = PBXBuildFile; fileRef = 9A16181F29C1B20600B29550 /* CKBaseTabBarViewController.swift */; };
		9A16182729C1B20600B29550 /* CKBaseViewController.swift in Sources */ = {isa = PBXBuildFile; fileRef = 9A16182029C1B20600B29550 /* CKBaseViewController.swift */; };
		9A16182829C1B20600B29550 /* CKPublicColorExtension.swift in Sources */ = {isa = PBXBuildFile; fileRef = 9A16182229C1B20600B29550 /* CKPublicColorExtension.swift */; };
		9A16182929C1B20600B29550 /* CKPublicAppearance.swift in Sources */ = {isa = PBXBuildFile; fileRef = 9A16182429C1B20600B29550 /* CKPublicAppearance.swift */; };
		9A16182B29C1B2B500B29550 /* SceneDelegateExtension.swift in Sources */ = {isa = PBXBuildFile; fileRef = 9A16182A29C1B2B500B29550 /* SceneDelegateExtension.swift */; };
		9A16182F29C1B3DD00B29550 /* MainTabBarView.swift in Sources */ = {isa = PBXBuildFile; fileRef = 9A16182E29C1B3DD00B29550 /* MainTabBarView.swift */; };
		9A2BA76229D53B850067599D /* ProductView.swift in Sources */ = {isa = PBXBuildFile; fileRef = 9A2BA76129D53B850067599D /* ProductView.swift */; };
		9A2BA76B29D6E50C0067599D /* ProductHeaderTabView.swift in Sources */ = {isa = PBXBuildFile; fileRef = 9A2BA76A29D6E50B0067599D /* ProductHeaderTabView.swift */; };
		9A2BA76D29D6E54F0067599D /* ProductTabPageView.swift in Sources */ = {isa = PBXBuildFile; fileRef = 9A2BA76C29D6E54F0067599D /* ProductTabPageView.swift */; };
		9A2BA77629DAC8F70067599D /* NXNavigationExtension in Frameworks */ = {isa = PBXBuildFile; productRef = 9A2BA77529DAC8F70067599D /* NXNavigationExtension */; };
		9A2BA77829DAC8F70067599D /* NXNavigationExtensionSwiftUI in Frameworks */ = {isa = PBXBuildFile; productRef = 9A2BA77729DAC8F70067599D /* NXNavigationExtensionSwiftUI */; };
		9A42F4EA29D0189A00586E2A /* PeriodView.swift in Sources */ = {isa = PBXBuildFile; fileRef = 9A42F4E929D0189A00586E2A /* PeriodView.swift */; };
		9A42F4EC29D018F600586E2A /* CircleProgress.swift in Sources */ = {isa = PBXBuildFile; fileRef = 9A42F4EB29D018F600586E2A /* CircleProgress.swift */; };
		9A42F4EE29D0198900586E2A /* RoundedCorners.swift in Sources */ = {isa = PBXBuildFile; fileRef = 9A42F4ED29D0198900586E2A /* RoundedCorners.swift */; };
		9A42F4F029D019E000586E2A /* AffairView.swift in Sources */ = {isa = PBXBuildFile; fileRef = 9A42F4EF29D019E000586E2A /* AffairView.swift */; };
		9A7BAE9929CC4DD0008E6FDF /* AppResourceManager.swift in Sources */ = {isa = PBXBuildFile; fileRef = 9A7BAE9829CC4DD0008E6FDF /* AppResourceManager.swift */; };
		9A7BAEA429CC5096008E6FDF /* ImageResource.bundle in Resources */ = {isa = PBXBuildFile; fileRef = 9A7BAEA329CC5096008E6FDF /* ImageResource.bundle */; };
		9AB194E829D4307300D997B6 /* SwiftUIPathAnimations in Frameworks */ = {isa = PBXBuildFile; productRef = 9AB194E729D4307300D997B6 /* SwiftUIPathAnimations */; };
		9AB194EB29D4308700D997B6 /* SVGKitSwift in Frameworks */ = {isa = PBXBuildFile; productRef = 9AB194EA29D4308700D997B6 /* SVGKitSwift */; };
		9AB194F029D439AC00D997B6 /* Logging in Frameworks */ = {isa = PBXBuildFile; productRef = 9AB194EF29D439AC00D997B6 /* Logging */; };
		A0822C0E277AE7C5968FCB06 /* Pods_Checkio_SwiftUITests.framework in Frameworks */ = {isa = PBXBuildFile; fileRef = CA8D3747B1DB01ED6A05E642 /* Pods_Checkio_SwiftUITests.framework */; };
/* End PBXBuildFile section */

/* Begin PBXContainerItemProxy section */
		9A1617FC29C1AF7200B29550 /* PBXContainerItemProxy */ = {
			isa = PBXContainerItemProxy;
			containerPortal = 9A1617DD29C1AF6F00B29550 /* Project object */;
			proxyType = 1;
			remoteGlobalIDString = 9A1617E429C1AF6F00B29550;
			remoteInfo = "Checkio-SwiftUI";
		};
		9A16180629C1AF7200B29550 /* PBXContainerItemProxy */ = {
			isa = PBXContainerItemProxy;
			containerPortal = 9A1617DD29C1AF6F00B29550 /* Project object */;
			proxyType = 1;
			remoteGlobalIDString = 9A1617E429C1AF6F00B29550;
			remoteInfo = "Checkio-SwiftUI";
		};
/* End PBXContainerItemProxy section */

/* Begin PBXFileReference section */
		0B72B20335001B4D2CF94AA1 /* Pods-Checkio-SwiftUITests.release.xcconfig */ = {isa = PBXFileReference; includeInIndex = 1; lastKnownFileType = text.xcconfig; name = "Pods-Checkio-SwiftUITests.release.xcconfig"; path = "Target Support Files/Pods-Checkio-SwiftUITests/Pods-Checkio-SwiftUITests.release.xcconfig"; sourceTree = "<group>"; };
		18C0B045445519867ABC5FB8 /* Pods-Checkio-SwiftUITests.debug.xcconfig */ = {isa = PBXFileReference; includeInIndex = 1; lastKnownFileType = text.xcconfig; name = "Pods-Checkio-SwiftUITests.debug.xcconfig"; path = "Target Support Files/Pods-Checkio-SwiftUITests/Pods-Checkio-SwiftUITests.debug.xcconfig"; sourceTree = "<group>"; };
		1C7BED10BAD38FCA8BC026A0 /* Pods_Checkio_SwiftUI_Checkio_SwiftUIUITests.framework */ = {isa = PBXFileReference; explicitFileType = wrapper.framework; includeInIndex = 0; path = Pods_Checkio_SwiftUI_Checkio_SwiftUIUITests.framework; sourceTree = BUILT_PRODUCTS_DIR; };
		3B778F85E1DD38A3BE6A3AFC /* Pods-Checkio-SwiftUI-Checkio-SwiftUIUITests.release.xcconfig */ = {isa = PBXFileReference; includeInIndex = 1; lastKnownFileType = text.xcconfig; name = "Pods-Checkio-SwiftUI-Checkio-SwiftUIUITests.release.xcconfig"; path = "Target Support Files/Pods-Checkio-SwiftUI-Checkio-SwiftUIUITests/Pods-Checkio-SwiftUI-Checkio-SwiftUIUITests.release.xcconfig"; sourceTree = "<group>"; };
		4F34B0DDE0C87F1BAE4831DD /* Pods-Checkio-SwiftUI-Checkio-SwiftUIUITests.debug.xcconfig */ = {isa = PBXFileReference; includeInIndex = 1; lastKnownFileType = text.xcconfig; name = "Pods-Checkio-SwiftUI-Checkio-SwiftUIUITests.debug.xcconfig"; path = "Target Support Files/Pods-Checkio-SwiftUI-Checkio-SwiftUIUITests/Pods-Checkio-SwiftUI-Checkio-SwiftUIUITests.debug.xcconfig"; sourceTree = "<group>"; };
		752E5D1732B5E219FF6DBCBF /* Pods-Checkio-SwiftUI.debug.xcconfig */ = {isa = PBXFileReference; includeInIndex = 1; lastKnownFileType = text.xcconfig; name = "Pods-Checkio-SwiftUI.debug.xcconfig"; path = "Target Support Files/Pods-Checkio-SwiftUI/Pods-Checkio-SwiftUI.debug.xcconfig"; sourceTree = "<group>"; };
		9A0F729929E515DE00A2A24D /* ci_post_clone.sh */ = {isa = PBXFileReference; lastKnownFileType = text.script.sh; name = ci_post_clone.sh; path = ci_scripts/ci_post_clone.sh; sourceTree = "<group>"; };
		9A1617E529C1AF6F00B29550 /* Checkio-SwiftUI.app */ = {isa = PBXFileReference; explicitFileType = wrapper.application; includeInIndex = 0; path = "Checkio-SwiftUI.app"; sourceTree = BUILT_PRODUCTS_DIR; };
		9A1617E829C1AF6F00B29550 /* AppDelegate.swift */ = {isa = PBXFileReference; lastKnownFileType = sourcecode.swift; path = AppDelegate.swift; sourceTree = "<group>"; };
		9A1617EA29C1AF7000B29550 /* SceneDelegate.swift */ = {isa = PBXFileReference; lastKnownFileType = sourcecode.swift; path = SceneDelegate.swift; sourceTree = "<group>"; };
		9A1617EC29C1AF7000B29550 /* ViewController.swift */ = {isa = PBXFileReference; lastKnownFileType = sourcecode.swift; path = ViewController.swift; sourceTree = "<group>"; };
		9A1617EF29C1AF7000B29550 /* Base */ = {isa = PBXFileReference; lastKnownFileType = file.storyboard; name = Base; path = Base.lproj/Main.storyboard; sourceTree = "<group>"; };
		9A1617F129C1AF7100B29550 /* Assets.xcassets */ = {isa = PBXFileReference; lastKnownFileType = folder.assetcatalog; path = Assets.xcassets; sourceTree = "<group>"; };
		9A1617F429C1AF7100B29550 /* Base */ = {isa = PBXFileReference; lastKnownFileType = file.storyboard; name = Base; path = Base.lproj/LaunchScreen.storyboard; sourceTree = "<group>"; };
		9A1617F629C1AF7100B29550 /* Info.plist */ = {isa = PBXFileReference; lastKnownFileType = text.plist.xml; path = Info.plist; sourceTree = "<group>"; };
		9A1617FB29C1AF7100B29550 /* Checkio-SwiftUITests.xctest */ = {isa = PBXFileReference; explicitFileType = wrapper.cfbundle; includeInIndex = 0; path = "Checkio-SwiftUITests.xctest"; sourceTree = BUILT_PRODUCTS_DIR; };
		9A1617FF29C1AF7200B29550 /* Checkio_SwiftUITests.swift */ = {isa = PBXFileReference; lastKnownFileType = sourcecode.swift; path = Checkio_SwiftUITests.swift; sourceTree = "<group>"; };
		9A16180529C1AF7200B29550 /* Checkio-SwiftUIUITests.xctest */ = {isa = PBXFileReference; explicitFileType = wrapper.cfbundle; includeInIndex = 0; path = "Checkio-SwiftUIUITests.xctest"; sourceTree = BUILT_PRODUCTS_DIR; };
		9A16180929C1AF7200B29550 /* Checkio_SwiftUIUITests.swift */ = {isa = PBXFileReference; lastKnownFileType = sourcecode.swift; path = Checkio_SwiftUIUITests.swift; sourceTree = "<group>"; };
		9A16180B29C1AF7200B29550 /* Checkio_SwiftUIUITestsLaunchTests.swift */ = {isa = PBXFileReference; lastKnownFileType = sourcecode.swift; path = Checkio_SwiftUIUITestsLaunchTests.swift; sourceTree = "<group>"; };
		9A16181A29C1B02E00B29550 /* HomeView.swift */ = {isa = PBXFileReference; lastKnownFileType = sourcecode.swift; path = HomeView.swift; sourceTree = "<group>"; };
		9A16181E29C1B20600B29550 /* CKBaseNavcViewController.swift */ = {isa = PBXFileReference; fileEncoding = 4; lastKnownFileType = sourcecode.swift; path = CKBaseNavcViewController.swift; sourceTree = "<group>"; };
		9A16181F29C1B20600B29550 /* CKBaseTabBarViewController.swift */ = {isa = PBXFileReference; fileEncoding = 4; lastKnownFileType = sourcecode.swift; path = CKBaseTabBarViewController.swift; sourceTree = "<group>"; };
		9A16182029C1B20600B29550 /* CKBaseViewController.swift */ = {isa = PBXFileReference; fileEncoding = 4; lastKnownFileType = sourcecode.swift; path = CKBaseViewController.swift; sourceTree = "<group>"; };
		9A16182229C1B20600B29550 /* CKPublicColorExtension.swift */ = {isa = PBXFileReference; fileEncoding = 4; lastKnownFileType = sourcecode.swift; path = CKPublicColorExtension.swift; sourceTree = "<group>"; };
		9A16182429C1B20600B29550 /* CKPublicAppearance.swift */ = {isa = PBXFileReference; fileEncoding = 4; lastKnownFileType = sourcecode.swift; path = CKPublicAppearance.swift; sourceTree = "<group>"; };
		9A16182A29C1B2B500B29550 /* SceneDelegateExtension.swift */ = {isa = PBXFileReference; fileEncoding = 4; lastKnownFileType = sourcecode.swift; path = SceneDelegateExtension.swift; sourceTree = "<group>"; };
		9A16182E29C1B3DD00B29550 /* MainTabBarView.swift */ = {isa = PBXFileReference; lastKnownFileType = sourcecode.swift; path = MainTabBarView.swift; sourceTree = "<group>"; };
		9A2BA76129D53B850067599D /* ProductView.swift */ = {isa = PBXFileReference; lastKnownFileType = sourcecode.swift; path = ProductView.swift; sourceTree = "<group>"; };
		9A2BA76A29D6E50B0067599D /* ProductHeaderTabView.swift */ = {isa = PBXFileReference; lastKnownFileType = sourcecode.swift; path = ProductHeaderTabView.swift; sourceTree = "<group>"; };
		9A2BA76C29D6E54F0067599D /* ProductTabPageView.swift */ = {isa = PBXFileReference; lastKnownFileType = sourcecode.swift; path = ProductTabPageView.swift; sourceTree = "<group>"; };
		9A42F4E929D0189A00586E2A /* PeriodView.swift */ = {isa = PBXFileReference; lastKnownFileType = sourcecode.swift; path = PeriodView.swift; sourceTree = "<group>"; };
		9A42F4EB29D018F600586E2A /* CircleProgress.swift */ = {isa = PBXFileReference; lastKnownFileType = sourcecode.swift; path = CircleProgress.swift; sourceTree = "<group>"; };
		9A42F4ED29D0198900586E2A /* RoundedCorners.swift */ = {isa = PBXFileReference; lastKnownFileType = sourcecode.swift; path = RoundedCorners.swift; sourceTree = "<group>"; };
		9A42F4EF29D019E000586E2A /* AffairView.swift */ = {isa = PBXFileReference; lastKnownFileType = sourcecode.swift; path = AffairView.swift; sourceTree = "<group>"; };
		9A7BAE9829CC4DD0008E6FDF /* AppResourceManager.swift */ = {isa = PBXFileReference; fileEncoding = 4; lastKnownFileType = sourcecode.swift; path = AppResourceManager.swift; sourceTree = "<group>"; };
		9A7BAEA329CC5096008E6FDF /* ImageResource.bundle */ = {isa = PBXFileReference; lastKnownFileType = "wrapper.plug-in"; path = ImageResource.bundle; sourceTree = "<group>"; };
		B4F79D694684752F9908AFA8 /* Pods_Checkio_SwiftUI.framework */ = {isa = PBXFileReference; explicitFileType = wrapper.framework; includeInIndex = 0; path = Pods_Checkio_SwiftUI.framework; sourceTree = BUILT_PRODUCTS_DIR; };
		CA8D3747B1DB01ED6A05E642 /* Pods_Checkio_SwiftUITests.framework */ = {isa = PBXFileReference; explicitFileType = wrapper.framework; includeInIndex = 0; path = Pods_Checkio_SwiftUITests.framework; sourceTree = BUILT_PRODUCTS_DIR; };
		E4E7C2D0276965CBF7C88370 /* Pods-Checkio-SwiftUI.release.xcconfig */ = {isa = PBXFileReference; includeInIndex = 1; lastKnownFileType = text.xcconfig; name = "Pods-Checkio-SwiftUI.release.xcconfig"; path = "Target Support Files/Pods-Checkio-SwiftUI/Pods-Checkio-SwiftUI.release.xcconfig"; sourceTree = "<group>"; };
/* End PBXFileReference section */

/* Begin PBXFrameworksBuildPhase section */
		9A1617E229C1AF6F00B29550 /* Frameworks */ = {
			isa = PBXFrameworksBuildPhase;
			buildActionMask = 2147483647;
			files = (
				9AB194EB29D4308700D997B6 /* SVGKitSwift in Frameworks */,
				9AB194E829D4307300D997B6 /* SwiftUIPathAnimations in Frameworks */,
				9A2BA77829DAC8F70067599D /* NXNavigationExtensionSwiftUI in Frameworks */,
				9AB194F029D439AC00D997B6 /* Logging in Frameworks */,
				9A2BA77629DAC8F70067599D /* NXNavigationExtension in Frameworks */,
				17577404B7E35C1CFABCA2E8 /* Pods_Checkio_SwiftUI.framework in Frameworks */,
			);
			runOnlyForDeploymentPostprocessing = 0;
		};
		9A1617F829C1AF7100B29550 /* Frameworks */ = {
			isa = PBXFrameworksBuildPhase;
			buildActionMask = 2147483647;
			files = (
				A0822C0E277AE7C5968FCB06 /* Pods_Checkio_SwiftUITests.framework in Frameworks */,
			);
			runOnlyForDeploymentPostprocessing = 0;
		};
		9A16180229C1AF7200B29550 /* Frameworks */ = {
			isa = PBXFrameworksBuildPhase;
			buildActionMask = 2147483647;
			files = (
				01FEB5D4E9133EDF2DD5E81C /* Pods_Checkio_SwiftUI_Checkio_SwiftUIUITests.framework in Frameworks */,
			);
			runOnlyForDeploymentPostprocessing = 0;
		};
/* End PBXFrameworksBuildPhase section */

/* Begin PBXGroup section */
		84772DA0677A4BCF5D63C8F2 /* Frameworks */ = {
			isa = PBXGroup;
			children = (
				B4F79D694684752F9908AFA8 /* Pods_Checkio_SwiftUI.framework */,
				1C7BED10BAD38FCA8BC026A0 /* Pods_Checkio_SwiftUI_Checkio_SwiftUIUITests.framework */,
				CA8D3747B1DB01ED6A05E642 /* Pods_Checkio_SwiftUITests.framework */,
			);
			name = Frameworks;
			sourceTree = "<group>";
		};
		9A1617DC29C1AF6F00B29550 = {
			isa = PBXGroup;
			children = (
				9A0F729929E515DE00A2A24D /* ci_post_clone.sh */,
				9A1617E729C1AF6F00B29550 /* Checkio-SwiftUI */,
				9A1617FE29C1AF7200B29550 /* Checkio-SwiftUITests */,
				9A16180829C1AF7200B29550 /* Checkio-SwiftUIUITests */,
				9A1617E629C1AF6F00B29550 /* Products */,
				E9E2FDD50DCCF20055E9AB12 /* Pods */,
				84772DA0677A4BCF5D63C8F2 /* Frameworks */,
			);
			sourceTree = "<group>";
		};
		9A1617E629C1AF6F00B29550 /* Products */ = {
			isa = PBXGroup;
			children = (
				9A1617E529C1AF6F00B29550 /* Checkio-SwiftUI.app */,
				9A1617FB29C1AF7100B29550 /* Checkio-SwiftUITests.xctest */,
				9A16180529C1AF7200B29550 /* Checkio-SwiftUIUITests.xctest */,
			);
			name = Products;
			sourceTree = "<group>";
		};
		9A1617E729C1AF6F00B29550 /* Checkio-SwiftUI */ = {
			isa = PBXGroup;
			children = (
				9A7BAEA229CC5096008E6FDF /* Resource */,
				9A16181C29C1B20600B29550 /* Base */,
				9A16182129C1B20600B29550 /* CKConfigureFile */,
				9A16181829C1B01300B29550 /* UIFunction */,
				9A1617E829C1AF6F00B29550 /* AppDelegate.swift */,
				9A1617EA29C1AF7000B29550 /* SceneDelegate.swift */,
				9A16182A29C1B2B500B29550 /* SceneDelegateExtension.swift */,
				9A1617EC29C1AF7000B29550 /* ViewController.swift */,
				9A1617EE29C1AF7000B29550 /* Main.storyboard */,
				9A1617F129C1AF7100B29550 /* Assets.xcassets */,
				9A1617F329C1AF7100B29550 /* LaunchScreen.storyboard */,
				9A1617F629C1AF7100B29550 /* Info.plist */,
			);
			path = "Checkio-SwiftUI";
			sourceTree = "<group>";
		};
		9A1617FE29C1AF7200B29550 /* Checkio-SwiftUITests */ = {
			isa = PBXGroup;
			children = (
				9A1617FF29C1AF7200B29550 /* Checkio_SwiftUITests.swift */,
			);
			path = "Checkio-SwiftUITests";
			sourceTree = "<group>";
		};
		9A16180829C1AF7200B29550 /* Checkio-SwiftUIUITests */ = {
			isa = PBXGroup;
			children = (
				9A16180929C1AF7200B29550 /* Checkio_SwiftUIUITests.swift */,
				9A16180B29C1AF7200B29550 /* Checkio_SwiftUIUITestsLaunchTests.swift */,
			);
			path = "Checkio-SwiftUIUITests";
			sourceTree = "<group>";
		};
		9A16181829C1B01300B29550 /* UIFunction */ = {
			isa = PBXGroup;
			children = (
				9A2BA76029D53B6E0067599D /* Product */,
				9A16181929C1B01800B29550 /* Home */,
				9A16182E29C1B3DD00B29550 /* MainTabBarView.swift */,
			);
			path = UIFunction;
			sourceTree = "<group>";
		};
		9A16181929C1B01800B29550 /* Home */ = {
			isa = PBXGroup;
			children = (
				9A42F4F329D03A7100586E2A /* Model */,
				9A42F4F229D03A6800586E2A /* View */,
			);
			path = Home;
			sourceTree = "<group>";
		};
		9A16181C29C1B20600B29550 /* Base */ = {
			isa = PBXGroup;
			children = (
				9A16181D29C1B20600B29550 /* VC */,
			);
			path = Base;
			sourceTree = "<group>";
		};
		9A16181D29C1B20600B29550 /* VC */ = {
			isa = PBXGroup;
			children = (
				9A16181E29C1B20600B29550 /* CKBaseNavcViewController.swift */,
				9A16181F29C1B20600B29550 /* CKBaseTabBarViewController.swift */,
				9A16182029C1B20600B29550 /* CKBaseViewController.swift */,
			);
			path = VC;
			sourceTree = "<group>";
		};
		9A16182129C1B20600B29550 /* CKConfigureFile */ = {
			isa = PBXGroup;
			children = (
				9A7BAE9829CC4DD0008E6FDF /* AppResourceManager.swift */,
				9A16182229C1B20600B29550 /* CKPublicColorExtension.swift */,
				9A16182429C1B20600B29550 /* CKPublicAppearance.swift */,
			);
			path = CKConfigureFile;
			sourceTree = "<group>";
		};
		9A2BA76029D53B6E0067599D /* Product */ = {
			isa = PBXGroup;
			children = (
				9A2BA76329D53B8C0067599D /* View */,
			);
			path = Product;
			sourceTree = "<group>";
		};
		9A2BA76329D53B8C0067599D /* View */ = {
			isa = PBXGroup;
			children = (
				9A2BA76129D53B850067599D /* ProductView.swift */,
				9A2BA76A29D6E50B0067599D /* ProductHeaderTabView.swift */,
				9A2BA76C29D6E54F0067599D /* ProductTabPageView.swift */,
			);
			path = View;
			sourceTree = "<group>";
		};
		9A42F4F229D03A6800586E2A /* View */ = {
			isa = PBXGroup;
			children = (
				9A16181A29C1B02E00B29550 /* HomeView.swift */,
				9A42F4EF29D019E000586E2A /* AffairView.swift */,
				9A42F4E929D0189A00586E2A /* PeriodView.swift */,
				9A42F4EB29D018F600586E2A /* CircleProgress.swift */,
				9A42F4ED29D0198900586E2A /* RoundedCorners.swift */,
			);
			path = View;
			sourceTree = "<group>";
		};
		9A42F4F329D03A7100586E2A /* Model */ = {
			isa = PBXGroup;
			children = (
			);
			path = Model;
			sourceTree = "<group>";
		};
		9A7BAEA229CC5096008E6FDF /* Resource */ = {
			isa = PBXGroup;
			children = (
				9A7BAEA329CC5096008E6FDF /* ImageResource.bundle */,
			);
			path = Resource;
			sourceTree = "<group>";
		};
		E9E2FDD50DCCF20055E9AB12 /* Pods */ = {
			isa = PBXGroup;
			children = (
				752E5D1732B5E219FF6DBCBF /* Pods-Checkio-SwiftUI.debug.xcconfig */,
				E4E7C2D0276965CBF7C88370 /* Pods-Checkio-SwiftUI.release.xcconfig */,
				4F34B0DDE0C87F1BAE4831DD /* Pods-Checkio-SwiftUI-Checkio-SwiftUIUITests.debug.xcconfig */,
				3B778F85E1DD38A3BE6A3AFC /* Pods-Checkio-SwiftUI-Checkio-SwiftUIUITests.release.xcconfig */,
				18C0B045445519867ABC5FB8 /* Pods-Checkio-SwiftUITests.debug.xcconfig */,
				0B72B20335001B4D2CF94AA1 /* Pods-Checkio-SwiftUITests.release.xcconfig */,
			);
			path = Pods;
			sourceTree = "<group>";
		};
/* End PBXGroup section */

/* Begin PBXNativeTarget section */
		9A1617E429C1AF6F00B29550 /* Checkio-SwiftUI */ = {
			isa = PBXNativeTarget;
			buildConfigurationList = 9A16180F29C1AF7200B29550 /* Build configuration list for PBXNativeTarget "Checkio-SwiftUI" */;
			buildPhases = (
				13DBF714A4277C4F0DA46D77 /* [CP] Check Pods Manifest.lock */,
				9A1617E129C1AF6F00B29550 /* Sources */,
				9A1617E229C1AF6F00B29550 /* Frameworks */,
				9A1617E329C1AF6F00B29550 /* Resources */,
			);
			buildRules = (
			);
			dependencies = (
			);
			name = "Checkio-SwiftUI";
			packageProductDependencies = (
				9AB194E729D4307300D997B6 /* SwiftUIPathAnimations */,
				9AB194EA29D4308700D997B6 /* SVGKitSwift */,
				9AB194EF29D439AC00D997B6 /* Logging */,
				9A2BA77529DAC8F70067599D /* NXNavigationExtension */,
				9A2BA77729DAC8F70067599D /* NXNavigationExtensionSwiftUI */,
			);
			productName = "Checkio-SwiftUI";
			productReference = 9A1617E529C1AF6F00B29550 /* Checkio-SwiftUI.app */;
			productType = "com.apple.product-type.application";
		};
		9A1617FA29C1AF7100B29550 /* Checkio-SwiftUITests */ = {
			isa = PBXNativeTarget;
			buildConfigurationList = 9A16181229C1AF7200B29550 /* Build configuration list for PBXNativeTarget "Checkio-SwiftUITests" */;
			buildPhases = (
				D7054A2A46042BDC406476E0 /* [CP] Check Pods Manifest.lock */,
				9A1617F729C1AF7100B29550 /* Sources */,
				9A1617F829C1AF7100B29550 /* Frameworks */,
				9A1617F929C1AF7100B29550 /* Resources */,
			);
			buildRules = (
			);
			dependencies = (
				9A1617FD29C1AF7200B29550 /* PBXTargetDependency */,
			);
			name = "Checkio-SwiftUITests";
			productName = "Checkio-SwiftUITests";
			productReference = 9A1617FB29C1AF7100B29550 /* Checkio-SwiftUITests.xctest */;
			productType = "com.apple.product-type.bundle.unit-test";
		};
		9A16180429C1AF7200B29550 /* Checkio-SwiftUIUITests */ = {
			isa = PBXNativeTarget;
			buildConfigurationList = 9A16181529C1AF7200B29550 /* Build configuration list for PBXNativeTarget "Checkio-SwiftUIUITests" */;
			buildPhases = (
				9769862BB52B7B36D8FA367A /* [CP] Check Pods Manifest.lock */,
				9A16180129C1AF7200B29550 /* Sources */,
				9A16180229C1AF7200B29550 /* Frameworks */,
				9A16180329C1AF7200B29550 /* Resources */,
			);
			buildRules = (
			);
			dependencies = (
				9A16180729C1AF7200B29550 /* PBXTargetDependency */,
			);
			name = "Checkio-SwiftUIUITests";
			productName = "Checkio-SwiftUIUITests";
			productReference = 9A16180529C1AF7200B29550 /* Checkio-SwiftUIUITests.xctest */;
			productType = "com.apple.product-type.bundle.ui-testing";
		};
/* End PBXNativeTarget section */

/* Begin PBXProject section */
		9A1617DD29C1AF6F00B29550 /* Project object */ = {
			isa = PBXProject;
			attributes = {
				BuildIndependentTargetsInParallel = 1;
				CLASSPREFIX = CK;
				LastSwiftUpdateCheck = 1340;
				LastUpgradeCheck = 1340;
				ORGANIZATIONNAME = team;
				TargetAttributes = {
					9A1617E429C1AF6F00B29550 = {
						CreatedOnToolsVersion = 13.4.1;
					};
					9A1617FA29C1AF7100B29550 = {
						CreatedOnToolsVersion = 13.4.1;
						TestTargetID = 9A1617E429C1AF6F00B29550;
					};
					9A16180429C1AF7200B29550 = {
						CreatedOnToolsVersion = 13.4.1;
						TestTargetID = 9A1617E429C1AF6F00B29550;
					};
				};
			};
			buildConfigurationList = 9A1617E029C1AF6F00B29550 /* Build configuration list for PBXProject "Checkio-SwiftUI" */;
			compatibilityVersion = "Xcode 13.0";
			developmentRegion = en;
			hasScannedForEncodings = 0;
			knownRegions = (
				en,
				Base,
			);
			mainGroup = 9A1617DC29C1AF6F00B29550;
			packageReferences = (
				9AB194E629D4307300D997B6 /* XCRemoteSwiftPackageReference "SwiftUI-PathAnimations" */,
				9AB194E929D4308700D997B6 /* XCRemoteSwiftPackageReference "SVGKit" */,
				9AB194ED29D4396E00D997B6 /* XCRemoteSwiftPackageReference "CocoaLumberjack" */,
				9AB194EE29D439AC00D997B6 /* XCRemoteSwiftPackageReference "swift-log" */,
				9A2BA77429DAC8F70067599D /* XCRemoteSwiftPackageReference "NXNavigationExtension" */,
			);
			productRefGroup = 9A1617E629C1AF6F00B29550 /* Products */;
			projectDirPath = "";
			projectRoot = "";
			targets = (
				9A1617E429C1AF6F00B29550 /* Checkio-SwiftUI */,
				9A1617FA29C1AF7100B29550 /* Checkio-SwiftUITests */,
				9A16180429C1AF7200B29550 /* Checkio-SwiftUIUITests */,
			);
		};
/* End PBXProject section */

/* Begin PBXResourcesBuildPhase section */
		9A1617E329C1AF6F00B29550 /* Resources */ = {
			isa = PBXResourcesBuildPhase;
			buildActionMask = 2147483647;
			files = (
				9A1617F529C1AF7100B29550 /* LaunchScreen.storyboard in Resources */,
				9A1617F229C1AF7100B29550 /* Assets.xcassets in Resources */,
				9A1617F029C1AF7000B29550 /* Main.storyboard in Resources */,
				9A7BAEA429CC5096008E6FDF /* ImageResource.bundle in Resources */,
			);
			runOnlyForDeploymentPostprocessing = 0;
		};
		9A1617F929C1AF7100B29550 /* Resources */ = {
			isa = PBXResourcesBuildPhase;
			buildActionMask = 2147483647;
			files = (
			);
			runOnlyForDeploymentPostprocessing = 0;
		};
		9A16180329C1AF7200B29550 /* Resources */ = {
			isa = PBXResourcesBuildPhase;
			buildActionMask = 2147483647;
			files = (
			);
			runOnlyForDeploymentPostprocessing = 0;
		};
/* End PBXResourcesBuildPhase section */

/* Begin PBXShellScriptBuildPhase section */
		13DBF714A4277C4F0DA46D77 /* [CP] Check Pods Manifest.lock */ = {
			isa = PBXShellScriptBuildPhase;
			buildActionMask = 2147483647;
			files = (
			);
			inputFileListPaths = (
			);
			inputPaths = (
				"${PODS_PODFILE_DIR_PATH}/Podfile.lock",
				"${PODS_ROOT}/Manifest.lock",
			);
			name = "[CP] Check Pods Manifest.lock";
			outputFileListPaths = (
			);
			outputPaths = (
				"$(DERIVED_FILE_DIR)/Pods-Checkio-SwiftUI-checkManifestLockResult.txt",
			);
			runOnlyForDeploymentPostprocessing = 0;
			shellPath = /bin/sh;
			shellScript = "diff \"${PODS_PODFILE_DIR_PATH}/Podfile.lock\" \"${PODS_ROOT}/Manifest.lock\" > /dev/null\nif [ $? != 0 ] ; then\n    # print error to STDERR\n    echo \"error: The sandbox is not in sync with the Podfile.lock. Run 'pod install' or update your CocoaPods installation.\" >&2\n    exit 1\nfi\n# This output is used by Xcode 'outputs' to avoid re-running this script phase.\necho \"SUCCESS\" > \"${SCRIPT_OUTPUT_FILE_0}\"\n";
			showEnvVarsInLog = 0;
		};
		9769862BB52B7B36D8FA367A /* [CP] Check Pods Manifest.lock */ = {
			isa = PBXShellScriptBuildPhase;
			buildActionMask = 2147483647;
			files = (
			);
			inputFileListPaths = (
			);
			inputPaths = (
				"${PODS_PODFILE_DIR_PATH}/Podfile.lock",
				"${PODS_ROOT}/Manifest.lock",
			);
			name = "[CP] Check Pods Manifest.lock";
			outputFileListPaths = (
			);
			outputPaths = (
				"$(DERIVED_FILE_DIR)/Pods-Checkio-SwiftUI-Checkio-SwiftUIUITests-checkManifestLockResult.txt",
			);
			runOnlyForDeploymentPostprocessing = 0;
			shellPath = /bin/sh;
			shellScript = "diff \"${PODS_PODFILE_DIR_PATH}/Podfile.lock\" \"${PODS_ROOT}/Manifest.lock\" > /dev/null\nif [ $? != 0 ] ; then\n    # print error to STDERR\n    echo \"error: The sandbox is not in sync with the Podfile.lock. Run 'pod install' or update your CocoaPods installation.\" >&2\n    exit 1\nfi\n# This output is used by Xcode 'outputs' to avoid re-running this script phase.\necho \"SUCCESS\" > \"${SCRIPT_OUTPUT_FILE_0}\"\n";
			showEnvVarsInLog = 0;
		};
		D7054A2A46042BDC406476E0 /* [CP] Check Pods Manifest.lock */ = {
			isa = PBXShellScriptBuildPhase;
			buildActionMask = 2147483647;
			files = (
			);
			inputFileListPaths = (
			);
			inputPaths = (
				"${PODS_PODFILE_DIR_PATH}/Podfile.lock",
				"${PODS_ROOT}/Manifest.lock",
			);
			name = "[CP] Check Pods Manifest.lock";
			outputFileListPaths = (
			);
			outputPaths = (
				"$(DERIVED_FILE_DIR)/Pods-Checkio-SwiftUITests-checkManifestLockResult.txt",
			);
			runOnlyForDeploymentPostprocessing = 0;
			shellPath = /bin/sh;
			shellScript = "diff \"${PODS_PODFILE_DIR_PATH}/Podfile.lock\" \"${PODS_ROOT}/Manifest.lock\" > /dev/null\nif [ $? != 0 ] ; then\n    # print error to STDERR\n    echo \"error: The sandbox is not in sync with the Podfile.lock. Run 'pod install' or update your CocoaPods installation.\" >&2\n    exit 1\nfi\n# This output is used by Xcode 'outputs' to avoid re-running this script phase.\necho \"SUCCESS\" > \"${SCRIPT_OUTPUT_FILE_0}\"\n";
			showEnvVarsInLog = 0;
		};
/* End PBXShellScriptBuildPhase section */

/* Begin PBXSourcesBuildPhase section */
		9A1617E129C1AF6F00B29550 /* Sources */ = {
			isa = PBXSourcesBuildPhase;
			buildActionMask = 2147483647;
			files = (
				9A16182829C1B20600B29550 /* CKPublicColorExtension.swift in Sources */,
				9A2BA76D29D6E54F0067599D /* ProductTabPageView.swift in Sources */,
				9A1617ED29C1AF7000B29550 /* ViewController.swift in Sources */,
				9A42F4EC29D018F600586E2A /* CircleProgress.swift in Sources */,
				9A16182529C1B20600B29550 /* CKBaseNavcViewController.swift in Sources */,
				9A2BA76229D53B850067599D /* ProductView.swift in Sources */,
				9A16182F29C1B3DD00B29550 /* MainTabBarView.swift in Sources */,
				9A42F4EA29D0189A00586E2A /* PeriodView.swift in Sources */,
				9A2BA76B29D6E50C0067599D /* ProductHeaderTabView.swift in Sources */,
				9A16182729C1B20600B29550 /* CKBaseViewController.swift in Sources */,
				9A16182629C1B20600B29550 /* CKBaseTabBarViewController.swift in Sources */,
				9A16181B29C1B02E00B29550 /* HomeView.swift in Sources */,
				9A16182929C1B20600B29550 /* CKPublicAppearance.swift in Sources */,
				9A42F4EE29D0198900586E2A /* RoundedCorners.swift in Sources */,
				9A16182B29C1B2B500B29550 /* SceneDelegateExtension.swift in Sources */,
				9A1617E929C1AF6F00B29550 /* AppDelegate.swift in Sources */,
				9A1617EB29C1AF7000B29550 /* SceneDelegate.swift in Sources */,
				9A7BAE9929CC4DD0008E6FDF /* AppResourceManager.swift in Sources */,
				9A42F4F029D019E000586E2A /* AffairView.swift in Sources */,
			);
			runOnlyForDeploymentPostprocessing = 0;
		};
		9A1617F729C1AF7100B29550 /* Sources */ = {
			isa = PBXSourcesBuildPhase;
			buildActionMask = 2147483647;
			files = (
				9A16180029C1AF7200B29550 /* Checkio_SwiftUITests.swift in Sources */,
			);
			runOnlyForDeploymentPostprocessing = 0;
		};
		9A16180129C1AF7200B29550 /* Sources */ = {
			isa = PBXSourcesBuildPhase;
			buildActionMask = 2147483647;
			files = (
				9A16180A29C1AF7200B29550 /* Checkio_SwiftUIUITests.swift in Sources */,
				9A16180C29C1AF7200B29550 /* Checkio_SwiftUIUITestsLaunchTests.swift in Sources */,
			);
			runOnlyForDeploymentPostprocessing = 0;
		};
/* End PBXSourcesBuildPhase section */

/* Begin PBXTargetDependency section */
		9A1617FD29C1AF7200B29550 /* PBXTargetDependency */ = {
			isa = PBXTargetDependency;
			target = 9A1617E429C1AF6F00B29550 /* Checkio-SwiftUI */;
			targetProxy = 9A1617FC29C1AF7200B29550 /* PBXContainerItemProxy */;
		};
		9A16180729C1AF7200B29550 /* PBXTargetDependency */ = {
			isa = PBXTargetDependency;
			target = 9A1617E429C1AF6F00B29550 /* Checkio-SwiftUI */;
			targetProxy = 9A16180629C1AF7200B29550 /* PBXContainerItemProxy */;
		};
/* End PBXTargetDependency section */

/* Begin PBXVariantGroup section */
		9A1617EE29C1AF7000B29550 /* Main.storyboard */ = {
			isa = PBXVariantGroup;
			children = (
				9A1617EF29C1AF7000B29550 /* Base */,
			);
			name = Main.storyboard;
			sourceTree = "<group>";
		};
		9A1617F329C1AF7100B29550 /* LaunchScreen.storyboard */ = {
			isa = PBXVariantGroup;
			children = (
				9A1617F429C1AF7100B29550 /* Base */,
			);
			name = LaunchScreen.storyboard;
			sourceTree = "<group>";
		};
/* End PBXVariantGroup section */

/* Begin XCBuildConfiguration section */
		9A16180D29C1AF7200B29550 /* Debug */ = {
			isa = XCBuildConfiguration;
			buildSettings = {
				ALWAYS_SEARCH_USER_PATHS = NO;
				CLANG_ANALYZER_NONNULL = YES;
				CLANG_ANALYZER_NUMBER_OBJECT_CONVERSION = YES_AGGRESSIVE;
				CLANG_CXX_LANGUAGE_STANDARD = "gnu++17";
				CLANG_ENABLE_MODULES = YES;
				CLANG_ENABLE_OBJC_ARC = YES;
				CLANG_ENABLE_OBJC_WEAK = YES;
				CLANG_WARN_BLOCK_CAPTURE_AUTORELEASING = YES;
				CLANG_WARN_BOOL_CONVERSION = YES;
				CLANG_WARN_COMMA = YES;
				CLANG_WARN_CONSTANT_CONVERSION = YES;
				CLANG_WARN_DEPRECATED_OBJC_IMPLEMENTATIONS = YES;
				CLANG_WARN_DIRECT_OBJC_ISA_USAGE = YES_ERROR;
				CLANG_WARN_DOCUMENTATION_COMMENTS = YES;
				CLANG_WARN_EMPTY_BODY = YES;
				CLANG_WARN_ENUM_CONVERSION = YES;
				CLANG_WARN_INFINITE_RECURSION = YES;
				CLANG_WARN_INT_CONVERSION = YES;
				CLANG_WARN_NON_LITERAL_NULL_CONVERSION = YES;
				CLANG_WARN_OBJC_IMPLICIT_RETAIN_SELF = YES;
				CLANG_WARN_OBJC_LITERAL_CONVERSION = YES;
				CLANG_WARN_OBJC_ROOT_CLASS = YES_ERROR;
				CLANG_WARN_QUOTED_INCLUDE_IN_FRAMEWORK_HEADER = YES;
				CLANG_WARN_RANGE_LOOP_ANALYSIS = YES;
				CLANG_WARN_STRICT_PROTOTYPES = YES;
				CLANG_WARN_SUSPICIOUS_MOVE = YES;
				CLANG_WARN_UNGUARDED_AVAILABILITY = YES_AGGRESSIVE;
				CLANG_WARN_UNREACHABLE_CODE = YES;
				CLANG_WARN__DUPLICATE_METHOD_MATCH = YES;
				COPY_PHASE_STRIP = NO;
				DEBUG_INFORMATION_FORMAT = dwarf;
				ENABLE_STRICT_OBJC_MSGSEND = YES;
				ENABLE_TESTABILITY = YES;
				GCC_C_LANGUAGE_STANDARD = gnu11;
				GCC_DYNAMIC_NO_PIC = NO;
				GCC_NO_COMMON_BLOCKS = YES;
				GCC_OPTIMIZATION_LEVEL = 0;
				GCC_PREPROCESSOR_DEFINITIONS = (
					"DEBUG=1",
					"$(inherited)",
				);
				GCC_WARN_64_TO_32_BIT_CONVERSION = YES;
				GCC_WARN_ABOUT_RETURN_TYPE = YES_ERROR;
				GCC_WARN_UNDECLARED_SELECTOR = YES;
				GCC_WARN_UNINITIALIZED_AUTOS = YES_AGGRESSIVE;
				GCC_WARN_UNUSED_FUNCTION = YES;
				GCC_WARN_UNUSED_VARIABLE = YES;
				IPHONEOS_DEPLOYMENT_TARGET = 15.0;
				MTL_ENABLE_DEBUG_INFO = INCLUDE_SOURCE;
				MTL_FAST_MATH = YES;
				ONLY_ACTIVE_ARCH = YES;
				SDKROOT = iphoneos;
				SWIFT_ACTIVE_COMPILATION_CONDITIONS = DEBUG;
				SWIFT_OPTIMIZATION_LEVEL = "-Onone";
			};
			name = Debug;
		};
		9A16180E29C1AF7200B29550 /* Release */ = {
			isa = XCBuildConfiguration;
			buildSettings = {
				ALWAYS_SEARCH_USER_PATHS = NO;
				CLANG_ANALYZER_NONNULL = YES;
				CLANG_ANALYZER_NUMBER_OBJECT_CONVERSION = YES_AGGRESSIVE;
				CLANG_CXX_LANGUAGE_STANDARD = "gnu++17";
				CLANG_ENABLE_MODULES = YES;
				CLANG_ENABLE_OBJC_ARC = YES;
				CLANG_ENABLE_OBJC_WEAK = YES;
				CLANG_WARN_BLOCK_CAPTURE_AUTORELEASING = YES;
				CLANG_WARN_BOOL_CONVERSION = YES;
				CLANG_WARN_COMMA = YES;
				CLANG_WARN_CONSTANT_CONVERSION = YES;
				CLANG_WARN_DEPRECATED_OBJC_IMPLEMENTATIONS = YES;
				CLANG_WARN_DIRECT_OBJC_ISA_USAGE = YES_ERROR;
				CLANG_WARN_DOCUMENTATION_COMMENTS = YES;
				CLANG_WARN_EMPTY_BODY = YES;
				CLANG_WARN_ENUM_CONVERSION = YES;
				CLANG_WARN_INFINITE_RECURSION = YES;
				CLANG_WARN_INT_CONVERSION = YES;
				CLANG_WARN_NON_LITERAL_NULL_CONVERSION = YES;
				CLANG_WARN_OBJC_IMPLICIT_RETAIN_SELF = YES;
				CLANG_WARN_OBJC_LITERAL_CONVERSION = YES;
				CLANG_WARN_OBJC_ROOT_CLASS = YES_ERROR;
				CLANG_WARN_QUOTED_INCLUDE_IN_FRAMEWORK_HEADER = YES;
				CLANG_WARN_RANGE_LOOP_ANALYSIS = YES;
				CLANG_WARN_STRICT_PROTOTYPES = YES;
				CLANG_WARN_SUSPICIOUS_MOVE = YES;
				CLANG_WARN_UNGUARDED_AVAILABILITY = YES_AGGRESSIVE;
				CLANG_WARN_UNREACHABLE_CODE = YES;
				CLANG_WARN__DUPLICATE_METHOD_MATCH = YES;
				COPY_PHASE_STRIP = NO;
				DEBUG_INFORMATION_FORMAT = "dwarf-with-dsym";
				ENABLE_NS_ASSERTIONS = NO;
				ENABLE_STRICT_OBJC_MSGSEND = YES;
				GCC_C_LANGUAGE_STANDARD = gnu11;
				GCC_NO_COMMON_BLOCKS = YES;
				GCC_WARN_64_TO_32_BIT_CONVERSION = YES;
				GCC_WARN_ABOUT_RETURN_TYPE = YES_ERROR;
				GCC_WARN_UNDECLARED_SELECTOR = YES;
				GCC_WARN_UNINITIALIZED_AUTOS = YES_AGGRESSIVE;
				GCC_WARN_UNUSED_FUNCTION = YES;
				GCC_WARN_UNUSED_VARIABLE = YES;
				IPHONEOS_DEPLOYMENT_TARGET = 15.0;
				MTL_ENABLE_DEBUG_INFO = NO;
				MTL_FAST_MATH = YES;
				SDKROOT = iphoneos;
				SWIFT_COMPILATION_MODE = wholemodule;
				SWIFT_OPTIMIZATION_LEVEL = "-O";
				VALIDATE_PRODUCT = YES;
			};
			name = Release;
		};
		9A16181029C1AF7200B29550 /* Debug */ = {
			isa = XCBuildConfiguration;
			baseConfigurationReference = 752E5D1732B5E219FF6DBCBF /* Pods-Checkio-SwiftUI.debug.xcconfig */;
			buildSettings = {
				ASSETCATALOG_COMPILER_APPICON_NAME = AppIcon;
				ASSETCATALOG_COMPILER_GLOBAL_ACCENT_COLOR_NAME = AccentColor;
				CODE_SIGN_STYLE = Automatic;
				CURRENT_PROJECT_VERSION = 1;
				DEVELOPMENT_TEAM = CN9G5YQZHA;
				GENERATE_INFOPLIST_FILE = YES;
				INFOPLIST_FILE = "Checkio-SwiftUI/Info.plist";
				INFOPLIST_KEY_CFBundleDisplayName = Checkio;
				INFOPLIST_KEY_UIApplicationSupportsIndirectInputEvents = YES;
				INFOPLIST_KEY_UILaunchStoryboardName = LaunchScreen;
				INFOPLIST_KEY_UIMainStoryboardFile = Main;
				INFOPLIST_KEY_UISupportedInterfaceOrientations_iPad = "UIInterfaceOrientationPortrait UIInterfaceOrientationPortraitUpsideDown UIInterfaceOrientationLandscapeLeft UIInterfaceOrientationLandscapeRight";
				INFOPLIST_KEY_UISupportedInterfaceOrientations_iPhone = "UIInterfaceOrientationPortrait UIInterfaceOrientationLandscapeLeft UIInterfaceOrientationLandscapeRight";
				LD_RUNPATH_SEARCH_PATHS = (
					"$(inherited)",
					"@executable_path/Frameworks",
				);
				MARKETING_VERSION = 1.0;
				PRODUCT_BUNDLE_IDENTIFIER = "yyj.testDemo.com.Checkio-SwiftUI";
				PRODUCT_NAME = "$(TARGET_NAME)";
				SWIFT_EMIT_LOC_STRINGS = YES;
				SWIFT_VERSION = 5.0;
				TARGETED_DEVICE_FAMILY = "1,2";
			};
			name = Debug;
		};
		9A16181129C1AF7200B29550 /* Release */ = {
			isa = XCBuildConfiguration;
			baseConfigurationReference = E4E7C2D0276965CBF7C88370 /* Pods-Checkio-SwiftUI.release.xcconfig */;
			buildSettings = {
				ASSETCATALOG_COMPILER_APPICON_NAME = AppIcon;
				ASSETCATALOG_COMPILER_GLOBAL_ACCENT_COLOR_NAME = AccentColor;
				CODE_SIGN_STYLE = Automatic;
				CURRENT_PROJECT_VERSION = 1;
				DEVELOPMENT_TEAM = CN9G5YQZHA;
				GENERATE_INFOPLIST_FILE = YES;
				INFOPLIST_FILE = "Checkio-SwiftUI/Info.plist";
				INFOPLIST_KEY_CFBundleDisplayName = Checkio;
				INFOPLIST_KEY_UIApplicationSupportsIndirectInputEvents = YES;
				INFOPLIST_KEY_UILaunchStoryboardName = LaunchScreen;
				INFOPLIST_KEY_UIMainStoryboardFile = Main;
				INFOPLIST_KEY_UISupportedInterfaceOrientations_iPad = "UIInterfaceOrientationPortrait UIInterfaceOrientationPortraitUpsideDown UIInterfaceOrientationLandscapeLeft UIInterfaceOrientationLandscapeRight";
				INFOPLIST_KEY_UISupportedInterfaceOrientations_iPhone = "UIInterfaceOrientationPortrait UIInterfaceOrientationLandscapeLeft UIInterfaceOrientationLandscapeRight";
				LD_RUNPATH_SEARCH_PATHS = (
					"$(inherited)",
					"@executable_path/Frameworks",
				);
				MARKETING_VERSION = 1.0;
				PRODUCT_BUNDLE_IDENTIFIER = "yyj.testDemo.com.Checkio-SwiftUI";
				PRODUCT_NAME = "$(TARGET_NAME)";
				SWIFT_EMIT_LOC_STRINGS = YES;
				SWIFT_VERSION = 5.0;
				TARGETED_DEVICE_FAMILY = "1,2";
			};
			name = Release;
		};
		9A16181329C1AF7200B29550 /* Debug */ = {
			isa = XCBuildConfiguration;
			baseConfigurationReference = 18C0B045445519867ABC5FB8 /* Pods-Checkio-SwiftUITests.debug.xcconfig */;
			buildSettings = {
				ALWAYS_EMBED_SWIFT_STANDARD_LIBRARIES = YES;
				BUNDLE_LOADER = "$(TEST_HOST)";
				CODE_SIGN_STYLE = Automatic;
				CURRENT_PROJECT_VERSION = 1;
				DEVELOPMENT_TEAM = CN9G5YQZHA;
				GENERATE_INFOPLIST_FILE = YES;
				IPHONEOS_DEPLOYMENT_TARGET = 15.5;
				MARKETING_VERSION = 1.0;
				PRODUCT_BUNDLE_IDENTIFIER = "yyj.testDemo.com.Checkio-SwiftUITests";
				PRODUCT_NAME = "$(TARGET_NAME)";
				SWIFT_EMIT_LOC_STRINGS = NO;
				SWIFT_VERSION = 5.0;
				TARGETED_DEVICE_FAMILY = "1,2";
				TEST_HOST = "$(BUILT_PRODUCTS_DIR)/Checkio-SwiftUI.app/Checkio-SwiftUI";
			};
			name = Debug;
		};
		9A16181429C1AF7200B29550 /* Release */ = {
			isa = XCBuildConfiguration;
			baseConfigurationReference = 0B72B20335001B4D2CF94AA1 /* Pods-Checkio-SwiftUITests.release.xcconfig */;
			buildSettings = {
				ALWAYS_EMBED_SWIFT_STANDARD_LIBRARIES = YES;
				BUNDLE_LOADER = "$(TEST_HOST)";
				CODE_SIGN_STYLE = Automatic;
				CURRENT_PROJECT_VERSION = 1;
				DEVELOPMENT_TEAM = CN9G5YQZHA;
				GENERATE_INFOPLIST_FILE = YES;
				IPHONEOS_DEPLOYMENT_TARGET = 15.5;
				MARKETING_VERSION = 1.0;
				PRODUCT_BUNDLE_IDENTIFIER = "yyj.testDemo.com.Checkio-SwiftUITests";
				PRODUCT_NAME = "$(TARGET_NAME)";
				SWIFT_EMIT_LOC_STRINGS = NO;
				SWIFT_VERSION = 5.0;
				TARGETED_DEVICE_FAMILY = "1,2";
				TEST_HOST = "$(BUILT_PRODUCTS_DIR)/Checkio-SwiftUI.app/Checkio-SwiftUI";
			};
			name = Release;
		};
		9A16181629C1AF7200B29550 /* Debug */ = {
			isa = XCBuildConfiguration;
			baseConfigurationReference = 4F34B0DDE0C87F1BAE4831DD /* Pods-Checkio-SwiftUI-Checkio-SwiftUIUITests.debug.xcconfig */;
			buildSettings = {
				ALWAYS_EMBED_SWIFT_STANDARD_LIBRARIES = YES;
				CODE_SIGN_STYLE = Automatic;
				CURRENT_PROJECT_VERSION = 1;
				DEVELOPMENT_TEAM = CN9G5YQZHA;
				GENERATE_INFOPLIST_FILE = YES;
				MARKETING_VERSION = 1.0;
				PRODUCT_BUNDLE_IDENTIFIER = "yyj.testDemo.com.Checkio-SwiftUIUITests";
				PRODUCT_NAME = "$(TARGET_NAME)";
				SWIFT_EMIT_LOC_STRINGS = NO;
				SWIFT_VERSION = 5.0;
				TARGETED_DEVICE_FAMILY = "1,2";
				TEST_TARGET_NAME = "Checkio-SwiftUI";
			};
			name = Debug;
		};
		9A16181729C1AF7200B29550 /* Release */ = {
			isa = XCBuildConfiguration;
			baseConfigurationReference = 3B778F85E1DD38A3BE6A3AFC /* Pods-Checkio-SwiftUI-Checkio-SwiftUIUITests.release.xcconfig */;
			buildSettings = {
				ALWAYS_EMBED_SWIFT_STANDARD_LIBRARIES = YES;
				CODE_SIGN_STYLE = Automatic;
				CURRENT_PROJECT_VERSION = 1;
				DEVELOPMENT_TEAM = CN9G5YQZHA;
				GENERATE_INFOPLIST_FILE = YES;
				MARKETING_VERSION = 1.0;
				PRODUCT_BUNDLE_IDENTIFIER = "yyj.testDemo.com.Checkio-SwiftUIUITests";
				PRODUCT_NAME = "$(TARGET_NAME)";
				SWIFT_EMIT_LOC_STRINGS = NO;
				SWIFT_VERSION = 5.0;
				TARGETED_DEVICE_FAMILY = "1,2";
				TEST_TARGET_NAME = "Checkio-SwiftUI";
			};
			name = Release;
		};
/* End XCBuildConfiguration section */

/* Begin XCConfigurationList section */
		9A1617E029C1AF6F00B29550 /* Build configuration list for PBXProject "Checkio-SwiftUI" */ = {
			isa = XCConfigurationList;
			buildConfigurations = (
				9A16180D29C1AF7200B29550 /* Debug */,
				9A16180E29C1AF7200B29550 /* Release */,
			);
			defaultConfigurationIsVisible = 0;
			defaultConfigurationName = Release;
		};
		9A16180F29C1AF7200B29550 /* Build configuration list for PBXNativeTarget "Checkio-SwiftUI" */ = {
			isa = XCConfigurationList;
			buildConfigurations = (
				9A16181029C1AF7200B29550 /* Debug */,
				9A16181129C1AF7200B29550 /* Release */,
			);
			defaultConfigurationIsVisible = 0;
			defaultConfigurationName = Release;
		};
		9A16181229C1AF7200B29550 /* Build configuration list for PBXNativeTarget "Checkio-SwiftUITests" */ = {
			isa = XCConfigurationList;
			buildConfigurations = (
				9A16181329C1AF7200B29550 /* Debug */,
				9A16181429C1AF7200B29550 /* Release */,
			);
			defaultConfigurationIsVisible = 0;
			defaultConfigurationName = Release;
		};
		9A16181529C1AF7200B29550 /* Build configuration list for PBXNativeTarget "Checkio-SwiftUIUITests" */ = {
			isa = XCConfigurationList;
			buildConfigurations = (
				9A16181629C1AF7200B29550 /* Debug */,
				9A16181729C1AF7200B29550 /* Release */,
			);
			defaultConfigurationIsVisible = 0;
			defaultConfigurationName = Release;
		};
/* End XCConfigurationList section */

/* Begin XCRemoteSwiftPackageReference section */
		9A2BA77429DAC8F70067599D /* XCRemoteSwiftPackageReference "NXNavigationExtension" */ = {
			isa = XCRemoteSwiftPackageReference;
			repositoryURL = "https://github.com/l1Dan/NXNavigationExtension";
			requirement = {
				kind = upToNextMajorVersion;
				minimumVersion = 4.0.0;
			};
		};
		9AB194E629D4307300D997B6 /* XCRemoteSwiftPackageReference "SwiftUI-PathAnimations" */ = {
			isa = XCRemoteSwiftPackageReference;
			repositoryURL = "https://github.com/adellibovi/SwiftUI-PathAnimations";
			requirement = {
				branch = master;
				kind = branch;
			};
		};
		9AB194E929D4308700D997B6 /* XCRemoteSwiftPackageReference "SVGKit" */ = {
			isa = XCRemoteSwiftPackageReference;
			repositoryURL = "https://github.com/SVGKit/SVGKit.git";
			requirement = {
				branch = 3.x;
				kind = branch;
			};
		};
		9AB194ED29D4396E00D997B6 /* XCRemoteSwiftPackageReference "CocoaLumberjack" */ = {
			isa = XCRemoteSwiftPackageReference;
			repositoryURL = "https://github.com/CocoaLumberjack/CocoaLumberjack.git";
			requirement = {
				branch = master;
				kind = branch;
			};
		};
		9AB194EE29D439AC00D997B6 /* XCRemoteSwiftPackageReference "swift-log" */ = {
			isa = XCRemoteSwiftPackageReference;
			repositoryURL = "https://github.com/apple/swift-log";
			requirement = {
				branch = main;
				kind = branch;
			};
		};
/* End XCRemoteSwiftPackageReference section */

/* Begin XCSwiftPackageProductDependency section */
		9A2BA77529DAC8F70067599D /* NXNavigationExtension */ = {
			isa = XCSwiftPackageProductDependency;
			package = 9A2BA77429DAC8F70067599D /* XCRemoteSwiftPackageReference "NXNavigationExtension" */;
			productName = NXNavigationExtension;
		};
		9A2BA77729DAC8F70067599D /* NXNavigationExtensionSwiftUI */ = {
			isa = XCSwiftPackageProductDependency;
			package = 9A2BA77429DAC8F70067599D /* XCRemoteSwiftPackageReference "NXNavigationExtension" */;
			productName = NXNavigationExtensionSwiftUI;
		};
		9AB194E729D4307300D997B6 /* SwiftUIPathAnimations */ = {
			isa = XCSwiftPackageProductDependency;
			package = 9AB194E629D4307300D997B6 /* XCRemoteSwiftPackageReference "SwiftUI-PathAnimations" */;
			productName = SwiftUIPathAnimations;
		};
		9AB194EA29D4308700D997B6 /* SVGKitSwift */ = {
			isa = XCSwiftPackageProductDependency;
			package = 9AB194E929D4308700D997B6 /* XCRemoteSwiftPackageReference "SVGKit" */;
			productName = SVGKitSwift;
		};
		9AB194EF29D439AC00D997B6 /* Logging */ = {
			isa = XCSwiftPackageProductDependency;
			package = 9AB194EE29D439AC00D997B6 /* XCRemoteSwiftPackageReference "swift-log" */;
			productName = Logging;
		};
/* End XCSwiftPackageProductDependency section */
	};
	rootObject = 9A1617DD29C1AF6F00B29550 /* Project object */;
}
