// !$*UTF8*$!
{
	archiveVersion = 1;
	classes = {
	};
	objectVersion = 55;
	objects = {

/* Begin PBXBuildFile section */
		9A1617E929C1AF6F00B29550 /* AppDelegate.swift in Sources */ = {isa = PBXBuildFile; fileRef = 9A1617E829C1AF6F00B29550 /* AppDelegate.swift */; };
		9A1617EB29C1AF7000B29550 /* SceneDelegate.swift in Sources */ = {isa = PBXBuildFile; fileRef = 9A1617EA29C1AF7000B29550 /* SceneDelegate.swift */; };
		9A1617ED29C1AF7000B29550 /* ViewController.swift in Sources */ = {isa = PBXBuildFile; fileRef = 9A1617EC29C1AF7000B29550 /* ViewController.swift */; };
		9A1617F029C1AF7000B29550 /* Main.storyboard in Resources */ = {isa = PBXBuildFile; fileRef = 9A1617EE29C1AF7000B29550 /* Main.storyboard */; };
		9A1617F229C1AF7100B29550 /* Assets.xcassets in Resources */ = {isa = PBXBuildFile; fileRef = 9A1617F129C1AF7100B29550 /* Assets.xcassets */; };
		9A1617F529C1AF7100B29550 /* LaunchScreen.storyboard in Resources */ = {isa = PBXBuildFile; fileRef = 9A1617F329C1AF7100B29550 /* LaunchScreen.storyboard */; };
		9A16180029C1AF7200B29550 /* Checkio_SwiftUITests.swift in Sources */ = {isa = PBXBuildFile; fileRef = 9A1617FF29C1AF7200B29550 /* Checkio_SwiftUITests.swift */; };
		9A16180A29C1AF7200B29550 /* Checkio_SwiftUIUITests.swift in Sources */ = {isa = PBXBuildFile; fileRef = 9A16180929C1AF7200B29550 /* Checkio_SwiftUIUITests.swift */; };
		9A16180C29C1AF7200B29550 /* Checkio_SwiftUIUITestsLaunchTests.swift in Sources */ = {isa = PBXBuildFile; fileRef = 9A16180B29C1AF7200B29550 /* Checkio_SwiftUIUITestsLaunchTests.swift */; };
/* End PBXBuildFile section */

/* Begin PBXContainerItemProxy section */
		9A1617FC29C1AF7200B29550 /* PBXContainerItemProxy */ = {
			isa = PBXContainerItemProxy;
			containerPortal = 9A1617DD29C1AF6F00B29550 /* Project object */;
			proxyType = 1;
			remoteGlobalIDString = 9A1617E429C1AF6F00B29550;
			remoteInfo = "Checkio-SwiftUI";
		};
		9A16180629C1AF7200B29550 /* PBXContainerItemProxy */ = {
			isa = PBXContainerItemProxy;
			containerPortal = 9A1617DD29C1AF6F00B29550 /* Project object */;
			proxyType = 1;
			remoteGlobalIDString = 9A1617E429C1AF6F00B29550;
			remoteInfo = "Checkio-SwiftUI";
		};
/* End PBXContainerItemProxy section */

/* Begin PBXFileReference section */
		9A1617E529C1AF6F00B29550 /* Checkio-SwiftUI.app */ = {isa = PBXFileReference; explicitFileType = wrapper.application; includeInIndex = 0; path = "Checkio-SwiftUI.app"; sourceTree = BUILT_PRODUCTS_DIR; };
		9A1617E829C1AF6F00B29550 /* AppDelegate.swift */ = {isa = PBXFileReference; lastKnownFileType = sourcecode.swift; path = AppDelegate.swift; sourceTree = "<group>"; };
		9A1617EA29C1AF7000B29550 /* SceneDelegate.swift */ = {isa = PBXFileReference; lastKnownFileType = sourcecode.swift; path = SceneDelegate.swift; sourceTree = "<group>"; };
		9A1617EC29C1AF7000B29550 /* ViewController.swift */ = {isa = PBXFileReference; lastKnownFileType = sourcecode.swift; path = ViewController.swift; sourceTree = "<group>"; };
		9A1617EF29C1AF7000B29550 /* Base */ = {isa = PBXFileReference; lastKnownFileType = file.storyboard; name = Base; path = Base.lproj/Main.storyboard; sourceTree = "<group>"; };
		9A1617F129C1AF7100B29550 /* Assets.xcassets */ = {isa = PBXFileReference; lastKnownFileType = folder.assetcatalog; path = Assets.xcassets; sourceTree = "<group>"; };
		9A1617F429C1AF7100B29550 /* Base */ = {isa = PBXFileReference; lastKnownFileType = file.storyboard; name = Base; path = Base.lproj/LaunchScreen.storyboard; sourceTree = "<group>"; };
		9A1617F629C1AF7100B29550 /* Info.plist */ = {isa = PBXFileReference; lastKnownFileType = text.plist.xml; path = Info.plist; sourceTree = "<group>"; };
		9A1617FB29C1AF7100B29550 /* Checkio-SwiftUITests.xctest */ = {isa = PBXFileReference; explicitFileType = wrapper.cfbundle; includeInIndex = 0; path = "Checkio-SwiftUITests.xctest"; sourceTree = BUILT_PRODUCTS_DIR; };
		9A1617FF29C1AF7200B29550 /* Checkio_SwiftUITests.swift */ = {isa = PBXFileReference; lastKnownFileType = sourcecode.swift; path = Checkio_SwiftUITests.swift; sourceTree = "<group>"; };
		9A16180529C1AF7200B29550 /* Checkio-SwiftUIUITests.xctest */ = {isa = PBXFileReference; explicitFileType = wrapper.cfbundle; includeInIndex = 0; path = "Checkio-SwiftUIUITests.xctest"; sourceTree = BUILT_PRODUCTS_DIR; };
		9A16180929C1AF7200B29550 /* Checkio_SwiftUIUITests.swift */ = {isa = PBXFileReference; lastKnownFileType = sourcecode.swift; path = Checkio_SwiftUIUITests.swift; sourceTree = "<group>"; };
		9A16180B29C1AF7200B29550 /* Checkio_SwiftUIUITestsLaunchTests.swift */ = {isa = PBXFileReference; lastKnownFileType = sourcecode.swift; path = Checkio_SwiftUIUITestsLaunchTests.swift; sourceTree = "<group>"; };
/* End PBXFileReference section */

/* Begin PBXFrameworksBuildPhase section */
		9A1617E229C1AF6F00B29550 /* Frameworks */ = {
			isa = PBXFrameworksBuildPhase;
			buildActionMask = 2147483647;
			files = (
			);
			runOnlyForDeploymentPostprocessing = 0;
		};
		9A1617F829C1AF7100B29550 /* Frameworks */ = {
			isa = PBXFrameworksBuildPhase;
			buildActionMask = 2147483647;
			files = (
			);
			runOnlyForDeploymentPostprocessing = 0;
		};
		9A16180229C1AF7200B29550 /* Frameworks */ = {
			isa = PBXFrameworksBuildPhase;
			buildActionMask = 2147483647;
			files = (
			);
			runOnlyForDeploymentPostprocessing = 0;
		};
/* End PBXFrameworksBuildPhase section */

/* Begin PBXGroup section */
		9A1617DC29C1AF6F00B29550 = {
			isa = PBXGroup;
			children = (
				9A1617E729C1AF6F00B29550 /* Checkio-SwiftUI */,
				9A1617FE29C1AF7200B29550 /* Checkio-SwiftUITests */,
				9A16180829C1AF7200B29550 /* Checkio-SwiftUIUITests */,
				9A1617E629C1AF6F00B29550 /* Products */,
			);
			sourceTree = "<group>";
		};
		9A1617E629C1AF6F00B29550 /* Products */ = {
			isa = PBXGroup;
			children = (
				9A1617E529C1AF6F00B29550 /* Checkio-SwiftUI.app */,
				9A1617FB29C1AF7100B29550 /* Checkio-SwiftUITests.xctest */,
				9A16180529C1AF7200B29550 /* Checkio-SwiftUIUITests.xctest */,
			);
			name = Products;
			sourceTree = "<group>";
		};
		9A1617E729C1AF6F00B29550 /* Checkio-SwiftUI */ = {
			isa = PBXGroup;
			children = (
				9A1617E829C1AF6F00B29550 /* AppDelegate.swift */,
				9A1617EA29C1AF7000B29550 /* SceneDelegate.swift */,
				9A1617EC29C1AF7000B29550 /* ViewController.swift */,
				9A1617EE29C1AF7000B29550 /* Main.storyboard */,
				9A1617F129C1AF7100B29550 /* Assets.xcassets */,
				9A1617F329C1AF7100B29550 /* LaunchScreen.storyboard */,
				9A1617F629C1AF7100B29550 /* Info.plist */,
			);
			path = "Checkio-SwiftUI";
			sourceTree = "<group>";
		};
		9A1617FE29C1AF7200B29550 /* Checkio-SwiftUITests */ = {
			isa = PBXGroup;
			children = (
				9A1617FF29C1AF7200B29550 /* Checkio_SwiftUITests.swift */,
			);
			path = "Checkio-SwiftUITests";
			sourceTree = "<group>";
		};
		9A16180829C1AF7200B29550 /* Checkio-SwiftUIUITests */ = {
			isa = PBXGroup;
			children = (
				9A16180929C1AF7200B29550 /* Checkio_SwiftUIUITests.swift */,
				9A16180B29C1AF7200B29550 /* Checkio_SwiftUIUITestsLaunchTests.swift */,
			);
			path = "Checkio-SwiftUIUITests";
			sourceTree = "<group>";
		};
/* End PBXGroup section */

/* Begin PBXNativeTarget section */
		9A1617E429C1AF6F00B29550 /* Checkio-SwiftUI */ = {
			isa = PBXNativeTarget;
			buildConfigurationList = 9A16180F29C1AF7200B29550 /* Build configuration list for PBXNativeTarget "Checkio-SwiftUI" */;
			buildPhases = (
				9A1617E129C1AF6F00B29550 /* Sources */,
				9A1617E229C1AF6F00B29550 /* Frameworks */,
				9A1617E329C1AF6F00B29550 /* Resources */,
			);
			buildRules = (
			);
			dependencies = (
			);
			name = "Checkio-SwiftUI";
			productName = "Checkio-SwiftUI";
			productReference = 9A1617E529C1AF6F00B29550 /* Checkio-SwiftUI.app */;
			productType = "com.apple.product-type.application";
		};
		9A1617FA29C1AF7100B29550 /* Checkio-SwiftUITests */ = {
			isa = PBXNativeTarget;
			buildConfigurationList = 9A16181229C1AF7200B29550 /* Build configuration list for PBXNativeTarget "Checkio-SwiftUITests" */;
			buildPhases = (
				9A1617F729C1AF7100B29550 /* Sources */,
				9A1617F829C1AF7100B29550 /* Frameworks */,
				9A1617F929C1AF7100B29550 /* Resources */,
			);
			buildRules = (
			);
			dependencies = (
				9A1617FD29C1AF7200B29550 /* PBXTargetDependency */,
			);
			name = "Checkio-SwiftUITests";
			productName = "Checkio-SwiftUITests";
			productReference = 9A1617FB29C1AF7100B29550 /* Checkio-SwiftUITests.xctest */;
			productType = "com.apple.product-type.bundle.unit-test";
		};
		9A16180429C1AF7200B29550 /* Checkio-SwiftUIUITests */ = {
			isa = PBXNativeTarget;
			buildConfigurationList = 9A16181529C1AF7200B29550 /* Build configuration list for PBXNativeTarget "Checkio-SwiftUIUITests" */;
			buildPhases = (
				9A16180129C1AF7200B29550 /* Sources */,
				9A16180229C1AF7200B29550 /* Frameworks */,
				9A16180329C1AF7200B29550 /* Resources */,
			);
			buildRules = (
			);
			dependencies = (
				9A16180729C1AF7200B29550 /* PBXTargetDependency */,
			);
			name = "Checkio-SwiftUIUITests";
			productName = "Checkio-SwiftUIUITests";
			productReference = 9A16180529C1AF7200B29550 /* Checkio-SwiftUIUITests.xctest */;
			productType = "com.apple.product-type.bundle.ui-testing";
		};
/* End PBXNativeTarget section */

/* Begin PBXProject section */
		9A1617DD29C1AF6F00B29550 /* Project object */ = {
			isa = PBXProject;
			attributes = {
				BuildIndependentTargetsInParallel = 1;
				LastSwiftUpdateCheck = 1340;
				LastUpgradeCheck = 1340;
				TargetAttributes = {
					9A1617E429C1AF6F00B29550 = {
						CreatedOnToolsVersion = 13.4.1;
					};
					9A1617FA29C1AF7100B29550 = {
						CreatedOnToolsVersion = 13.4.1;
						TestTargetID = 9A1617E429C1AF6F00B29550;
					};
					9A16180429C1AF7200B29550 = {
						CreatedOnToolsVersion = 13.4.1;
						TestTargetID = 9A1617E429C1AF6F00B29550;
					};
				};
			};
			buildConfigurationList = 9A1617E029C1AF6F00B29550 /* Build configuration list for PBXProject "Checkio-SwiftUI" */;
			compatibilityVersion = "Xcode 13.0";
			developmentRegion = en;
			hasScannedForEncodings = 0;
			knownRegions = (
				en,
				Base,
			);
			mainGroup = 9A1617DC29C1AF6F00B29550;
			productRefGroup = 9A1617E629C1AF6F00B29550 /* Products */;
			projectDirPath = "";
			projectRoot = "";
			targets = (
				9A1617E429C1AF6F00B29550 /* Checkio-SwiftUI */,
				9A1617FA29C1AF7100B29550 /* Checkio-SwiftUITests */,
				9A16180429C1AF7200B29550 /* Checkio-SwiftUIUITests */,
			);
		};
/* End PBXProject section */

/* Begin PBXResourcesBuildPhase section */
		9A1617E329C1AF6F00B29550 /* Resources */ = {
			isa = PBXResourcesBuildPhase;
			buildActionMask = 2147483647;
			files = (
				9A1617F529C1AF7100B29550 /* LaunchScreen.storyboard in Resources */,
				9A1617F229C1AF7100B29550 /* Assets.xcassets in Resources */,
				9A1617F029C1AF7000B29550 /* Main.storyboard in Resources */,
			);
			runOnlyForDeploymentPostprocessing = 0;
		};
		9A1617F929C1AF7100B29550 /* Resources */ = {
			isa = PBXResourcesBuildPhase;
			buildActionMask = 2147483647;
			files = (
			);
			runOnlyForDeploymentPostprocessing = 0;
		};
		9A16180329C1AF7200B29550 /* Resources */ = {
			isa = PBXResourcesBuildPhase;
			buildActionMask = 2147483647;
			files = (
			);
			runOnlyForDeploymentPostprocessing = 0;
		};
/* End PBXResourcesBuildPhase section */

/* Begin PBXSourcesBuildPhase section */
		9A1617E129C1AF6F00B29550 /* Sources */ = {
			isa = PBXSourcesBuildPhase;
			buildActionMask = 2147483647;
			files = (
				9A1617ED29C1AF7000B29550 /* ViewController.swift in Sources */,
				9A1617E929C1AF6F00B29550 /* AppDelegate.swift in Sources */,
				9A1617EB29C1AF7000B29550 /* SceneDelegate.swift in Sources */,
			);
			runOnlyForDeploymentPostprocessing = 0;
		};
		9A1617F729C1AF7100B29550 /* Sources */ = {
			isa = PBXSourcesBuildPhase;
			buildActionMask = 2147483647;
			files = (
				9A16180029C1AF7200B29550 /* Checkio_SwiftUITests.swift in Sources */,
			);
			runOnlyForDeploymentPostprocessing = 0;
		};
		9A16180129C1AF7200B29550 /* Sources */ = {
			isa = PBXSourcesBuildPhase;
			buildActionMask = 2147483647;
			files = (
				9A16180A29C1AF7200B29550 /* Checkio_SwiftUIUITests.swift in Sources */,
				9A16180C29C1AF7200B29550 /* Checkio_SwiftUIUITestsLaunchTests.swift in Sources */,
			);
			runOnlyForDeploymentPostprocessing = 0;
		};
/* End PBXSourcesBuildPhase section */

/* Begin PBXTargetDependency section */
		9A1617FD29C1AF7200B29550 /* PBXTargetDependency */ = {
			isa = PBXTargetDependency;
			target = 9A1617E429C1AF6F00B29550 /* Checkio-SwiftUI */;
			targetProxy = 9A1617FC29C1AF7200B29550 /* PBXContainerItemProxy */;
		};
		9A16180729C1AF7200B29550 /* PBXTargetDependency */ = {
			isa = PBXTargetDependency;
			target = 9A1617E429C1AF6F00B29550 /* Checkio-SwiftUI */;
			targetProxy = 9A16180629C1AF7200B29550 /* PBXContainerItemProxy */;
		};
/* End PBXTargetDependency section */

/* Begin PBXVariantGroup section */
		9A1617EE29C1AF7000B29550 /* Main.storyboard */ = {
			isa = PBXVariantGroup;
			children = (
				9A1617EF29C1AF7000B29550 /* Base */,
			);
			name = Main.storyboard;
			sourceTree = "<group>";
		};
		9A1617F329C1AF7100B29550 /* LaunchScreen.storyboard */ = {
			isa = PBXVariantGroup;
			children = (
				9A1617F429C1AF7100B29550 /* Base */,
			);
			name = LaunchScreen.storyboard;
			sourceTree = "<group>";
		};
/* End PBXVariantGroup section */

/* Begin XCBuildConfiguration section */
		9A16180D29C1AF7200B29550 /* Debug */ = {
			isa = XCBuildConfiguration;
			buildSettings = {
				ALWAYS_SEARCH_USER_PATHS = NO;
				CLANG_ANALYZER_NONNULL = YES;
				CLANG_ANALYZER_NUMBER_OBJECT_CONVERSION = YES_AGGRESSIVE;
				CLANG_CXX_LANGUAGE_STANDARD = "gnu++17";
				CLANG_ENABLE_MODULES = YES;
				CLANG_ENABLE_OBJC_ARC = YES;
				CLANG_ENABLE_OBJC_WEAK = YES;
				CLANG_WARN_BLOCK_CAPTURE_AUTORELEASING = YES;
				CLANG_WARN_BOOL_CONVERSION = YES;
				CLANG_WARN_COMMA = YES;
				CLANG_WARN_CONSTANT_CONVERSION = YES;
				CLANG_WARN_DEPRECATED_OBJC_IMPLEMENTATIONS = YES;
				CLANG_WARN_DIRECT_OBJC_ISA_USAGE = YES_ERROR;
				CLANG_WARN_DOCUMENTATION_COMMENTS = YES;
				CLANG_WARN_EMPTY_BODY = YES;
				CLANG_WARN_ENUM_CONVERSION = YES;
				CLANG_WARN_INFINITE_RECURSION = YES;
				CLANG_WARN_INT_CONVERSION = YES;
				CLANG_WARN_NON_LITERAL_NULL_CONVERSION = YES;
				CLANG_WARN_OBJC_IMPLICIT_RETAIN_SELF = YES;
				CLANG_WARN_OBJC_LITERAL_CONVERSION = YES;
				CLANG_WARN_OBJC_ROOT_CLASS = YES_ERROR;
				CLANG_WARN_QUOTED_INCLUDE_IN_FRAMEWORK_HEADER = YES;
				CLANG_WARN_RANGE_LOOP_ANALYSIS = YES;
				CLANG_WARN_STRICT_PROTOTYPES = YES;
				CLANG_WARN_SUSPICIOUS_MOVE = YES;
				CLANG_WARN_UNGUARDED_AVAILABILITY = YES_AGGRESSIVE;
				CLANG_WARN_UNREACHABLE_CODE = YES;
				CLANG_WARN__DUPLICATE_METHOD_MATCH = YES;
				COPY_PHASE_STRIP = NO;
				DEBUG_INFORMATION_FORMAT = dwarf;
				ENABLE_STRICT_OBJC_MSGSEND = YES;
				ENABLE_TESTABILITY = YES;
				GCC_C_LANGUAGE_STANDARD = gnu11;
				GCC_DYNAMIC_NO_PIC = NO;
				GCC_NO_COMMON_BLOCKS = YES;
				GCC_OPTIMIZATION_LEVEL = 0;
				GCC_PREPROCESSOR_DEFINITIONS = (
					"DEBUG=1",
					"$(inherited)",
				);
				GCC_WARN_64_TO_32_BIT_CONVERSION = YES;
				GCC_WARN_ABOUT_RETURN_TYPE = YES_ERROR;
				GCC_WARN_UNDECLARED_SELECTOR = YES;
				GCC_WARN_UNINITIALIZED_AUTOS = YES_AGGRESSIVE;
				GCC_WARN_UNUSED_FUNCTION = YES;
				GCC_WARN_UNUSED_VARIABLE = YES;
				IPHONEOS_DEPLOYMENT_TARGET = 15.5;
				MTL_ENABLE_DEBUG_INFO = INCLUDE_SOURCE;
				MTL_FAST_MATH = YES;
				ONLY_ACTIVE_ARCH = YES;
				SDKROOT = iphoneos;
				SWIFT_ACTIVE_COMPILATION_CONDITIONS = DEBUG;
				SWIFT_OPTIMIZATION_LEVEL = "-Onone";
			};
			name = Debug;
		};
		9A16180E29C1AF7200B29550 /* Release */ = {
			isa = XCBuildConfiguration;
			buildSettings = {
				ALWAYS_SEARCH_USER_PATHS = NO;
				CLANG_ANALYZER_NONNULL = YES;
				CLANG_ANALYZER_NUMBER_OBJECT_CONVERSION = YES_AGGRESSIVE;
				CLANG_CXX_LANGUAGE_STANDARD = "gnu++17";
				CLANG_ENABLE_MODULES = YES;
				CLANG_ENABLE_OBJC_ARC = YES;
				CLANG_ENABLE_OBJC_WEAK = YES;
				CLANG_WARN_BLOCK_CAPTURE_AUTORELEASING = YES;
				CLANG_WARN_BOOL_CONVERSION = YES;
				CLANG_WARN_COMMA = YES;
				CLANG_WARN_CONSTANT_CONVERSION = YES;
				CLANG_WARN_DEPRECATED_OBJC_IMPLEMENTATIONS = YES;
				CLANG_WARN_DIRECT_OBJC_ISA_USAGE = YES_ERROR;
				CLANG_WARN_DOCUMENTATION_COMMENTS = YES;
				CLANG_WARN_EMPTY_BODY = YES;
				CLANG_WARN_ENUM_CONVERSION = YES;
				CLANG_WARN_INFINITE_RECURSION = YES;
				CLANG_WARN_INT_CONVERSION = YES;
				CLANG_WARN_NON_LITERAL_NULL_CONVERSION = YES;
				CLANG_WARN_OBJC_IMPLICIT_RETAIN_SELF = YES;
				CLANG_WARN_OBJC_LITERAL_CONVERSION = YES;
				CLANG_WARN_OBJC_ROOT_CLASS = YES_ERROR;
				CLANG_WARN_QUOTED_INCLUDE_IN_FRAMEWORK_HEADER = YES;
				CLANG_WARN_RANGE_LOOP_ANALYSIS = YES;
				CLANG_WARN_STRICT_PROTOTYPES = YES;
				CLANG_WARN_SUSPICIOUS_MOVE = YES;
				CLANG_WARN_UNGUARDED_AVAILABILITY = YES_AGGRESSIVE;
				CLANG_WARN_UNREACHABLE_CODE = YES;
				CLANG_WARN__DUPLICATE_METHOD_MATCH = YES;
				COPY_PHASE_STRIP = NO;
				DEBUG_INFORMATION_FORMAT = "dwarf-with-dsym";
				ENABLE_NS_ASSERTIONS = NO;
				ENABLE_STRICT_OBJC_MSGSEND = YES;
				GCC_C_LANGUAGE_STANDARD = gnu11;
				GCC_NO_COMMON_BLOCKS = YES;
				GCC_WARN_64_TO_32_BIT_CONVERSION = YES;
				GCC_WARN_ABOUT_RETURN_TYPE = YES_ERROR;
				GCC_WARN_UNDECLARED_SELECTOR = YES;
				GCC_WARN_UNINITIALIZED_AUTOS = YES_AGGRESSIVE;
				GCC_WARN_UNUSED_FUNCTION = YES;
				GCC_WARN_UNUSED_VARIABLE = YES;
				IPHONEOS_DEPLOYMENT_TARGET = 15.5;
				MTL_ENABLE_DEBUG_INFO = NO;
				MTL_FAST_MATH = YES;
				SDKROOT = iphoneos;
				SWIFT_COMPILATION_MODE = wholemodule;
				SWIFT_OPTIMIZATION_LEVEL = "-O";
				VALIDATE_PRODUCT = YES;
			};
			name = Release;
		};
		9A16181029C1AF7200B29550 /* Debug */ = {
			isa = XCBuildConfiguration;
			buildSettings = {
				ASSETCATALOG_COMPILER_APPICON_NAME = AppIcon;
				ASSETCATALOG_COMPILER_GLOBAL_ACCENT_COLOR_NAME = AccentColor;
				CODE_SIGN_STYLE = Automatic;
				CURRENT_PROJECT_VERSION = 1;
				DEVELOPMENT_TEAM = CN9G5YQZHA;
				GENERATE_INFOPLIST_FILE = YES;
				INFOPLIST_FILE = "Checkio-SwiftUI/Info.plist";
				INFOPLIST_KEY_UIApplicationSupportsIndirectInputEvents = YES;
				INFOPLIST_KEY_UILaunchStoryboardName = LaunchScreen;
				INFOPLIST_KEY_UIMainStoryboardFile = Main;
				INFOPLIST_KEY_UISupportedInterfaceOrientations_iPad = "UIInterfaceOrientationPortrait UIInterfaceOrientationPortraitUpsideDown UIInterfaceOrientationLandscapeLeft UIInterfaceOrientationLandscapeRight";
				INFOPLIST_KEY_UISupportedInterfaceOrientations_iPhone = "UIInterfaceOrientationPortrait UIInterfaceOrientationLandscapeLeft UIInterfaceOrientationLandscapeRight";
				LD_RUNPATH_SEARCH_PATHS = (
					"$(inherited)",
					"@executable_path/Frameworks",
				);
				MARKETING_VERSION = 1.0;
				PRODUCT_BUNDLE_IDENTIFIER = "yyj.testDemo.com.Checkio-SwiftUI";
				PRODUCT_NAME = "$(TARGET_NAME)";
				SWIFT_EMIT_LOC_STRINGS = YES;
				SWIFT_VERSION = 5.0;
				TARGETED_DEVICE_FAMILY = "1,2";
			};
			name = Debug;
		};
		9A16181129C1AF7200B29550 /* Release */ = {
			isa = XCBuildConfiguration;
			buildSettings = {
				ASSETCATALOG_COMPILER_APPICON_NAME = AppIcon;
				ASSETCATALOG_COMPILER_GLOBAL_ACCENT_COLOR_NAME = AccentColor;
				CODE_SIGN_STYLE = Automatic;
				CURRENT_PROJECT_VERSION = 1;
				DEVELOPMENT_TEAM = CN9G5YQZHA;
				GENERATE_INFOPLIST_FILE = YES;
				INFOPLIST_FILE = "Checkio-SwiftUI/Info.plist";
				INFOPLIST_KEY_UIApplicationSupportsIndirectInputEvents = YES;
				INFOPLIST_KEY_UILaunchStoryboardName = LaunchScreen;
				INFOPLIST_KEY_UIMainStoryboardFile = Main;
				INFOPLIST_KEY_UISupportedInterfaceOrientations_iPad = "UIInterfaceOrientationPortrait UIInterfaceOrientationPortraitUpsideDown UIInterfaceOrientationLandscapeLeft UIInterfaceOrientationLandscapeRight";
				INFOPLIST_KEY_UISupportedInterfaceOrientations_iPhone = "UIInterfaceOrientationPortrait UIInterfaceOrientationLandscapeLeft UIInterfaceOrientationLandscapeRight";
				LD_RUNPATH_SEARCH_PATHS = (
					"$(inherited)",
					"@executable_path/Frameworks",
				);
				MARKETING_VERSION = 1.0;
				PRODUCT_BUNDLE_IDENTIFIER = "yyj.testDemo.com.Checkio-SwiftUI";
				PRODUCT_NAME = "$(TARGET_NAME)";
				SWIFT_EMIT_LOC_STRINGS = YES;
				SWIFT_VERSION = 5.0;
				TARGETED_DEVICE_FAMILY = "1,2";
			};
			name = Release;
		};
		9A16181329C1AF7200B29550 /* Debug */ = {
			isa = XCBuildConfiguration;
			buildSettings = {
				ALWAYS_EMBED_SWIFT_STANDARD_LIBRARIES = YES;
				BUNDLE_LOADER = "$(TEST_HOST)";
				CODE_SIGN_STYLE = Automatic;
				CURRENT_PROJECT_VERSION = 1;
				DEVELOPMENT_TEAM = CN9G5YQZHA;
				GENERATE_INFOPLIST_FILE = YES;
				IPHONEOS_DEPLOYMENT_TARGET = 15.5;
				MARKETING_VERSION = 1.0;
				PRODUCT_BUNDLE_IDENTIFIER = "yyj.testDemo.com.Checkio-SwiftUITests";
				PRODUCT_NAME = "$(TARGET_NAME)";
				SWIFT_EMIT_LOC_STRINGS = NO;
				SWIFT_VERSION = 5.0;
				TARGETED_DEVICE_FAMILY = "1,2";
				TEST_HOST = "$(BUILT_PRODUCTS_DIR)/Checkio-SwiftUI.app/Checkio-SwiftUI";
			};
			name = Debug;
		};
		9A16181429C1AF7200B29550 /* Release */ = {
			isa = XCBuildConfiguration;
			buildSettings = {
				ALWAYS_EMBED_SWIFT_STANDARD_LIBRARIES = YES;
				BUNDLE_LOADER = "$(TEST_HOST)";
				CODE_SIGN_STYLE = Automatic;
				CURRENT_PROJECT_VERSION = 1;
				DEVELOPMENT_TEAM = CN9G5YQZHA;
				GENERATE_INFOPLIST_FILE = YES;
				IPHONEOS_DEPLOYMENT_TARGET = 15.5;
				MARKETING_VERSION = 1.0;
				PRODUCT_BUNDLE_IDENTIFIER = "yyj.testDemo.com.Checkio-SwiftUITests";
				PRODUCT_NAME = "$(TARGET_NAME)";
				SWIFT_EMIT_LOC_STRINGS = NO;
				SWIFT_VERSION = 5.0;
				TARGETED_DEVICE_FAMILY = "1,2";
				TEST_HOST = "$(BUILT_PRODUCTS_DIR)/Checkio-SwiftUI.app/Checkio-SwiftUI";
			};
			name = Release;
		};
		9A16181629C1AF7200B29550 /* Debug */ = {
			isa = XCBuildConfiguration;
			buildSettings = {
				ALWAYS_EMBED_SWIFT_STANDARD_LIBRARIES = YES;
				CODE_SIGN_STYLE = Automatic;
				CURRENT_PROJECT_VERSION = 1;
				DEVELOPMENT_TEAM = CN9G5YQZHA;
				GENERATE_INFOPLIST_FILE = YES;
				MARKETING_VERSION = 1.0;
				PRODUCT_BUNDLE_IDENTIFIER = "yyj.testDemo.com.Checkio-SwiftUIUITests";
				PRODUCT_NAME = "$(TARGET_NAME)";
				SWIFT_EMIT_LOC_STRINGS = NO;
				SWIFT_VERSION = 5.0;
				TARGETED_DEVICE_FAMILY = "1,2";
				TEST_TARGET_NAME = "Checkio-SwiftUI";
			};
			name = Debug;
		};
		9A16181729C1AF7200B29550 /* Release */ = {
			isa = XCBuildConfiguration;
			buildSettings = {
				ALWAYS_EMBED_SWIFT_STANDARD_LIBRARIES = YES;
				CODE_SIGN_STYLE = Automatic;
				CURRENT_PROJECT_VERSION = 1;
				DEVELOPMENT_TEAM = CN9G5YQZHA;
				GENERATE_INFOPLIST_FILE = YES;
				MARKETING_VERSION = 1.0;
				PRODUCT_BUNDLE_IDENTIFIER = "yyj.testDemo.com.Checkio-SwiftUIUITests";
				PRODUCT_NAME = "$(TARGET_NAME)";
				SWIFT_EMIT_LOC_STRINGS = NO;
				SWIFT_VERSION = 5.0;
				TARGETED_DEVICE_FAMILY = "1,2";
				TEST_TARGET_NAME = "Checkio-SwiftUI";
			};
			name = Release;
		};
/* End XCBuildConfiguration section */

/* Begin XCConfigurationList section */
		9A1617E029C1AF6F00B29550 /* Build configuration list for PBXProject "Checkio-SwiftUI" */ = {
			isa = XCConfigurationList;
			buildConfigurations = (
				9A16180D29C1AF7200B29550 /* Debug */,
				9A16180E29C1AF7200B29550 /* Release */,
			);
			defaultConfigurationIsVisible = 0;
			defaultConfigurationName = Release;
		};
		9A16180F29C1AF7200B29550 /* Build configuration list for PBXNativeTarget "Checkio-SwiftUI" */ = {
			isa = XCConfigurationList;
			buildConfigurations = (
				9A16181029C1AF7200B29550 /* Debug */,
				9A16181129C1AF7200B29550 /* Release */,
			);
			defaultConfigurationIsVisible = 0;
			defaultConfigurationName = Release;
		};
		9A16181229C1AF7200B29550 /* Build configuration list for PBXNativeTarget "Checkio-SwiftUITests" */ = {
			isa = XCConfigurationList;
			buildConfigurations = (
				9A16181329C1AF7200B29550 /* Debug */,
				9A16181429C1AF7200B29550 /* Release */,
			);
			defaultConfigurationIsVisible = 0;
			defaultConfigurationName = Release;
		};
		9A16181529C1AF7200B29550 /* Build configuration list for PBXNativeTarget "Checkio-SwiftUIUITests" */ = {
			isa = XCConfigurationList;
			buildConfigurations = (
				9A16181629C1AF7200B29550 /* Debug */,
				9A16181729C1AF7200B29550 /* Release */,
			);
			defaultConfigurationIsVisible = 0;
			defaultConfigurationName = Release;
		};
/* End XCConfigurationList section */
	};
	rootObject = 9A1617DD29C1AF6F00B29550 /* Project object */;
}
