{
  "pins" : [
    {
      "identity" : "cocoalumberjack",
      "kind" : "remoteSourceControl",
      "location" : "https://github.com/CocoaLumberjack/CocoaLumberjack.git",
      "state" : {
        "revision" : "80ada1f753b0d53d9b57c465936a7c4169375002",
        "version" : "3.7.4"
      }
    },
    {
      "identity" : "nxnavigationextension",
      "kind" : "remoteSourceControl",
      "location" : "https://github.com/l1Dan/NXNavigationExtension",
      "state" : {
        "revision" : "c4d0a46524ac48d97a36f55cfb0efd5b44122685",
        "version" : "4.1.5"
      }
    },
    {
      "identity" : "svgkit",
      "kind" : "remoteSourceControl",
      "location" : "https://github.com/SVGKit/SVGKit.git",
      "state" : {
        "branch" : "3.x",
        "revision" : "8c290ceee19254f6d0da1940201d5efa31b48f9f"
      }
    },
    {
      "identity" : "swift-log",
      "kind" : "remoteSourceControl",
      "location" : "https://github.com/apple/swift-log.git",
      "state" : {
        "revision" : "32e8d724467f8fe623624570367e3d50c5638e46",
        "version" : "1.5.2"
      }
    },
    {
      "identity" : "swiftui-pathanimations",
      "kind" : "remoteSourceControl",
      "location" : "https://github.com/adellibovi/SwiftUI-PathAnimations",
      "state" : {
        "branch" : "master",
        "revision" : "c6c78a22765098da95185925bea1accdf3dd77df"
      }
    }
  ],
  "version" : 2
}
